{"version":4,"terraform_version":"1.8.7","serial":4,"lineage":"9dd15828-b7a0-7382-7ff4-7741700a1515","outputs":{},"resources":[{"mode":"managed","type":"pagerduty_team","name":"theopsdev","provider":"provider[\"registry.opentofu.org/pagerduty/pagerduty\"]","instances":[{"schema_version":0,"attributes":{"default_role":"manager","description":"TheOpsDev Engineering","html_url":"https://theopsdev-notify.pagerduty.com/teams/P7OZQDM","id":"P7OZQDM","name":"theopsdev","parent":null},"sensitive_attributes":[]}]},{"mode":"managed","type":"pagerduty_user","name":"theopsdev","provider":"provider[\"registry.opentofu.org/pagerduty/pagerduty\"]","instances":[{"schema_version":0,"attributes":{"avatar_url":"https://secure.gravatar.com/avatar/a0135ca8204ab59c0ddbf6519f7e6e0f.png?d=mm\u0026r=PG","color":"purple","description":"Managed by Terraform","email":"admin@theops.dev","html_url":"https://theopsdev-notify.pagerduty.com/users/PJIK0Z4","id":"PJIK0Z4","invitation_sent":false,"job_title":"","license":"PSUGCO9","name":"TheOpsDev","role":"owner","teams":[],"time_zone":"America/Los_Angeles"},"sensitive_attributes":[],"private":"bnVsbA=="}]}],"check_results":null}
